{
    "name": "hanabi-crypt",
    "version": "0.0.1",
    "lockfileVersion": 2,
    "requires": true,
    "packages": {
        "": {
            "name": "hanabi-crypt",
            "version": "0.0.1",
            "dependencies": {
                "hanabi-crypt": "^0.0.1"
            }
        },
        "node_modules/hanabi-crypt": {
            "version": "0.0.1",
            "resolved": "https://registry.npmjs.org/hanabi-crypt/-/hanabi-crypt-0.0.1.tgz",
            "integrity": "sha512-o5URxKwpeyBpysjFWjgVdJPewFVb+G9SZp5xeUYRoLf/xWwvinAYz72y+ZJNRfcoGiVTYRtUoC+0TPk1Ilm7qQ=="
        }
    },
    "dependencies": {
        "hanabi-crypt": {
            "version": "0.0.1",
            "resolved": "https://registry.npmjs.org/hanabi-crypt/-/hanabi-crypt-0.0.1.tgz",
            "integrity": "sha512-o5URxKwpeyBpysjFWjgVdJPewFVb+G9SZp5xeUYRoLf/xWwvinAYz72y+ZJNRfcoGiVTYRtUoC+0TPk1Ilm7qQ=="
        }
    }
}
